
Microsoft Visual Studio Solution File, Format Version 12.00
# Visual Studio 15
VisualStudioVersion = 15.0.26014.0
MinimumVisualStudioVersion = 10.0.40219.1
Project("{FAE04EC0-301F-11D3-BF4B-00C04F79EFBC}") = "FileProcessing", "FileProcessing\FileProcessing.csproj", "{83EC190E-B4EF-4ECE-942B-7AFF454A8D19}"
EndProject
Project("{FAE04EC0-301F-11D3-BF4B-00C04F79EFBC}") = "FileProcessing.Tests", "FileProcessing.Tests\FileProcessing.Tests.csproj", "{EB87739E-47D6-4C7F-97BC-7ED1000290F5}"
EndProject
Global
	GlobalSection(SolutionConfigurationPlatforms) = preSolution
		Debug|Any CPU = Debug|Any CPU
		Release|Any CPU = Release|Any CPU
	EndGlobalSection
	GlobalSection(ProjectConfigurationPlatforms) = postSolution
		{83EC190E-B4EF-4ECE-942B-7AFF454A8D19}.Debug|Any CPU.ActiveCfg = Debug|Any CPU
		{83EC190E-B4EF-4ECE-942B-7AFF454A8D19}.Debug|Any CPU.Build.0 = Debug|Any CPU
		{83EC190E-B4EF-4ECE-942B-7AFF454A8D19}.Release|Any CPU.ActiveCfg = Release|Any CPU
		{83EC190E-B4EF-4ECE-942B-7AFF454A8D19}.Release|Any CPU.Build.0 = Release|Any CPU
		{EB87739E-47D6-4C7F-97BC-7ED1000290F5}.Debug|Any CPU.ActiveCfg = Debug|Any CPU
		{EB87739E-47D6-4C7F-97BC-7ED1000290F5}.Debug|Any CPU.Build.0 = Debug|Any CPU
		{EB87739E-47D6-4C7F-97BC-7ED1000290F5}.Release|Any CPU.ActiveCfg = Release|Any CPU
		{EB87739E-47D6-4C7F-97BC-7ED1000290F5}.Release|Any CPU.Build.0 = Release|Any CPU
	EndGlobalSection
	GlobalSection(SolutionProperties) = preSolution
		HideSolutionNode = FALSE
	EndGlobalSection
EndGlobal
